
Microsoft Visual Studio Solution File, Format Version 12.00
# Visual Studio 2013
VisualStudioVersion = 12.0.31101.0
MinimumVisualStudioVersion = 10.0.40219.1
Project("{FAE04EC0-301F-11D3-BF4B-00C04F79EFBC}") = "NewsSystem.Models", "NewsSystem.Models\NewsSystem.Models.csproj", "{DC2C7904-0D27-440C-BCFA-EAED70255712}"
EndProject
Project("{FAE04EC0-301F-11D3-BF4B-00C04F79EFBC}") = "NewsSystem.Data", "NewsSystem.Data\NewsSystem.Data.csproj", "{5AE53EF7-AA8F-45B6-88CF-10380921E3F5}"
EndProject
Project("{FAE04EC0-301F-11D3-BF4B-00C04F79EFBC}") = "NewsSystem.ConsoleClient", "NewsSystem.ConsoleClient\NewsSystem.ConsoleClient.csproj", "{467915C5-D889-4A76-B010-A92A3EADFDD9}"
EndProject
Global
	GlobalSection(SolutionConfigurationPlatforms) = preSolution
		Debug|Any CPU = Debug|Any CPU
		Release|Any CPU = Release|Any CPU
	EndGlobalSection
	GlobalSection(ProjectConfigurationPlatforms) = postSolution
		{DC2C7904-0D27-440C-BCFA-EAED70255712}.Debug|Any CPU.ActiveCfg = Debug|Any CPU
		{DC2C7904-0D27-440C-BCFA-EAED70255712}.Debug|Any CPU.Build.0 = Debug|Any CPU
		{DC2C7904-0D27-440C-BCFA-EAED70255712}.Release|Any CPU.ActiveCfg = Release|Any CPU
		{DC2C7904-0D27-440C-BCFA-EAED70255712}.Release|Any CPU.Build.0 = Release|Any CPU
		{5AE53EF7-AA8F-45B6-88CF-10380921E3F5}.Debug|Any CPU.ActiveCfg = Debug|Any CPU
		{5AE53EF7-AA8F-45B6-88CF-10380921E3F5}.Debug|Any CPU.Build.0 = Debug|Any CPU
		{5AE53EF7-AA8F-45B6-88CF-10380921E3F5}.Release|Any CPU.ActiveCfg = Release|Any CPU
		{5AE53EF7-AA8F-45B6-88CF-10380921E3F5}.Release|Any CPU.Build.0 = Release|Any CPU
		{467915C5-D889-4A76-B010-A92A3EADFDD9}.Debug|Any CPU.ActiveCfg = Debug|Any CPU
		{467915C5-D889-4A76-B010-A92A3EADFDD9}.Debug|Any CPU.Build.0 = Debug|Any CPU
		{467915C5-D889-4A76-B010-A92A3EADFDD9}.Release|Any CPU.ActiveCfg = Release|Any CPU
		{467915C5-D889-4A76-B010-A92A3EADFDD9}.Release|Any CPU.Build.0 = Release|Any CPU
	EndGlobalSection
	GlobalSection(SolutionProperties) = preSolution
		HideSolutionNode = FALSE
	EndGlobalSection
EndGlobal
